
Microsoft Visual Studio Solution File, Format Version 12.00
# Visual Studio 15
Project("{FAE04EC0-301F-11D3-BF4B-00C04F79EFBC}") = "Core", "Core\Core.csproj", "{FE4797D9-7313-434C-88F9-7C9E40BE2DA1}"
EndProject
Project("{D954291E-2A0B-460D-934E-DC6B0785DB48}") = "Shared", "Shared\Shared.shproj", "{88476326-DEE2-4797-AF31-D1825109B1BD}"
EndProject
Project("{D954291E-2A0B-460D-934E-DC6B0785DB48}") = "ChristianTools", "..\Monogame_ChristianTools\ChristianTools\ChristianTools.shproj", "{859C4805-7FB8-4BF8-82A3-8523829756FE}"
EndProject
Global
	GlobalSection(SolutionConfigurationPlatforms) = preSolution
		Debug|Any CPU = Debug|Any CPU
		Release|Any CPU = Release|Any CPU
	EndGlobalSection
	GlobalSection(ProjectConfigurationPlatforms) = postSolution
		{FE4797D9-7313-434C-88F9-7C9E40BE2DA1}.Debug|Any CPU.ActiveCfg = Debug|Any CPU
		{FE4797D9-7313-434C-88F9-7C9E40BE2DA1}.Debug|Any CPU.Build.0 = Debug|Any CPU
		{FE4797D9-7313-434C-88F9-7C9E40BE2DA1}.Release|Any CPU.ActiveCfg = Release|Any CPU
		{FE4797D9-7313-434C-88F9-7C9E40BE2DA1}.Release|Any CPU.Build.0 = Release|Any CPU
	EndGlobalSection
EndGlobal
